// !$*UTF8*$!
{
	archiveVersion = 1;
	classes = {
	};
	objectVersion = 77;
	objects = {

/* Begin PBXBuildFile section */
		08C385552EC1E4B500DBA78F /* AppDelegate.swift in Sources */ = {isa = PBXBuildFile; fileRef = 08E0F9CB2EAB92EA00073113 /* AppDelegate.swift */; };
		08C385562EC1E4B500DBA78F /* PromptSparkApp.swift in Sources */ = {isa = PBXBuildFile; fileRef = 08E0F9CC2EAB92EA00073113 /* PromptSparkApp.swift */; };
		08C385572EC1E4B500DBA78F /* APIClient.swift in Sources */ = {isa = PBXBuildFile; fileRef = 08E0F9CF2EAB92EA00073113 /* APIClient.swift */; };
		08C385582EC1E4B500DBA78F /* HotkeyManager.swift in Sources */ = {isa = PBXBuildFile; fileRef = 08E0F9D02EAB92EA00073113 /* HotkeyManager.swift */; };
		08C385592EC1E4B500DBA78F /* PromptEngine.swift in Sources */ = {isa = PBXBuildFile; fileRef = 08E0F9D12EAB92EA00073113 /* PromptEngine.swift */; };
		08C3855A2EC1E4B500DBA78F /* TextCaptureService.swift in Sources */ = {isa = PBXBuildFile; fileRef = 08E0F9D22EAB92EA00073113 /* TextCaptureService.swift */; };
		08C3855B2EC1E4B500DBA78F /* APIConfig.swift in Sources */ = {isa = PBXBuildFile; fileRef = 08E0F9D52EAB92EA00073113 /* APIConfig.swift */; };
		08C3855C2EC1E4B500DBA78F /* AppState.swift in Sources */ = {isa = PBXBuildFile; fileRef = 08E0F9D62EAB92EA00073113 /* AppState.swift */; };
		08C3855D2EC1E4B500DBA78F /* Profile.swift in Sources */ = {isa = PBXBuildFile; fileRef = 08E0F9D72EAB92EA00073113 /* Profile.swift */; };
		08C3855E2EC1E4B500DBA78F /* PromptSparkError.swift in Sources */ = {isa = PBXBuildFile; fileRef = 08E0F9D82EAB92EA00073113 /* PromptSparkError.swift */; };
		08C3855F2EC1E4B500DBA78F /* ConfigService.swift in Sources */ = {isa = PBXBuildFile; fileRef = 08E0F9E62EAB92EA00073113 /* ConfigService.swift */; };
		08C385602EC1E4B500DBA78F /* KeychainService.swift in Sources */ = {isa = PBXBuildFile; fileRef = 08E0F9E72EAB92EA00073113 /* KeychainService.swift */; };
		08C385612EC1E4B500DBA78F /* NotificationService.swift in Sources */ = {isa = PBXBuildFile; fileRef = 08E0F9E82EAB92EA00073113 /* NotificationService.swift */; };
		08C385622EC1E4B500DBA78F /* PasteboardService.swift in Sources */ = {isa = PBXBuildFile; fileRef = 08E0F9E92EAB92EA00073113 /* PasteboardService.swift */; };
		08C385632EC1E4B500DBA78F /* String+Extensions.swift in Sources */ = {isa = PBXBuildFile; fileRef = 08E0F9EC2EAB92EA00073113 /* String+Extensions.swift */; };
		08C385642EC1E4B500DBA78F /* UserDefaults+Extensions.swift in Sources */ = {isa = PBXBuildFile; fileRef = 08E0F9ED2EAB92EA00073113 /* UserDefaults+Extensions.swift */; };
		08C385652EC1E4B500DBA78F /* Constants.swift in Sources */ = {isa = PBXBuildFile; fileRef = 08E0F9EF2EAB92EA00073113 /* Constants.swift */; };
		08C385662EC1E4B500DBA78F /* Logger.swift in Sources */ = {isa = PBXBuildFile; fileRef = 08E0F9F02EAB92EA00073113 /* Logger.swift */; };
		08C385672EC1E4B500DBA78F /* MenuBarController.swift in Sources */ = {isa = PBXBuildFile; fileRef = 08E0F9F22EAB92EA00073113 /* MenuBarController.swift */; };
		08C385682EC1E4B500DBA78F /* APISettingsView.swift in Sources */ = {isa = PBXBuildFile; fileRef = 08E0F9F42EAB92EA00073113 /* APISettingsView.swift */; };
		08C385692EC1E4B500DBA78F /* GeneralSettingsView.swift in Sources */ = {isa = PBXBuildFile; fileRef = 08E0F9F52EAB92EA00073113 /* GeneralSettingsView.swift */; };
		08C3856A2EC1E4B500DBA78F /* ProfileManagerView.swift in Sources */ = {isa = PBXBuildFile; fileRef = 08E0F9F62EAB92EA00073113 /* ProfileManagerView.swift */; };
		08C3856B2EC1E4B500DBA78F /* SettingsView.swift in Sources */ = {isa = PBXBuildFile; fileRef = 08E0F9F72EAB92EA00073113 /* SettingsView.swift */; };
		08C3856C2EC1E4B500DBA78F /* ResultWindow.swift in Sources */ = {isa = PBXBuildFile; fileRef = 08E0F9F92EAB92EA00073113 /* ResultWindow.swift */; };
		08C3856D2EC1E4B500DBA78F /* StatusWindow.swift in Sources */ = {isa = PBXBuildFile; fileRef = 08E0F9FA2EAB92EA00073113 /* StatusWindow.swift */; };
		08C3856E2EC1E4EA00DBA78F /* Assets.xcassets in Resources */ = {isa = PBXBuildFile; fileRef = 08E0F9DC2EAB92EA00073113 /* Assets.xcassets */; };
		08C3856F2EC1E4EA00DBA78F /* DefaultMetaPrompt.txt in Resources */ = {isa = PBXBuildFile; fileRef = 08E0F9DD2EAB92EA00073113 /* DefaultMetaPrompt.txt */; };
		08C385702EC1E4EA00DBA78F /* DefaultSummaryPrompt.txt in Resources */ = {isa = PBXBuildFile; fileRef = 08E0F9DE2EAB92EA00073113 /* DefaultSummaryPrompt.txt */; };
		08C385732EC1E74000DBA78F /* KeyboardShortcuts in Frameworks */ = {isa = PBXBuildFile; productRef = 08C385722EC1E74000DBA78F /* KeyboardShortcuts */; };
/* End PBXBuildFile section */

/* Begin PBXFileReference section */
		08E0F9BD2EAB928500073113 /* prompt-spark.app */ = {isa = PBXFileReference; explicitFileType = wrapper.application; includeInIndex = 0; path = "prompt-spark.app"; sourceTree = BUILT_PRODUCTS_DIR; };
		08E0F9CB2EAB92EA00073113 /* AppDelegate.swift */ = {isa = PBXFileReference; lastKnownFileType = sourcecode.swift; path = AppDelegate.swift; sourceTree = "<group>"; };
		08E0F9CC2EAB92EA00073113 /* PromptSparkApp.swift */ = {isa = PBXFileReference; lastKnownFileType = sourcecode.swift; path = PromptSparkApp.swift; sourceTree = "<group>"; };
		08E0F9CE2EAB92EA00073113 /* CLAUDE.md */ = {isa = PBXFileReference; lastKnownFileType = net.daringfireball.markdown; path = CLAUDE.md; sourceTree = "<group>"; };
		08E0F9CF2EAB92EA00073113 /* APIClient.swift */ = {isa = PBXFileReference; lastKnownFileType = sourcecode.swift; path = APIClient.swift; sourceTree = "<group>"; };
		08E0F9D02EAB92EA00073113 /* HotkeyManager.swift */ = {isa = PBXFileReference; lastKnownFileType = sourcecode.swift; path = HotkeyManager.swift; sourceTree = "<group>"; };
		08E0F9D12EAB92EA00073113 /* PromptEngine.swift */ = {isa = PBXFileReference; lastKnownFileType = sourcecode.swift; path = PromptEngine.swift; sourceTree = "<group>"; };
		08E0F9D22EAB92EA00073113 /* TextCaptureService.swift */ = {isa = PBXFileReference; lastKnownFileType = sourcecode.swift; path = TextCaptureService.swift; sourceTree = "<group>"; };
		08E0F9D42EAB92EA00073113 /* DEVELOPMENT.md */ = {isa = PBXFileReference; lastKnownFileType = net.daringfireball.markdown; path = DEVELOPMENT.md; sourceTree = "<group>"; };
		08E0F9D52EAB92EA00073113 /* APIConfig.swift */ = {isa = PBXFileReference; lastKnownFileType = sourcecode.swift; path = APIConfig.swift; sourceTree = "<group>"; };
		08E0F9D62EAB92EA00073113 /* AppState.swift */ = {isa = PBXFileReference; lastKnownFileType = sourcecode.swift; path = AppState.swift; sourceTree = "<group>"; };
		08E0F9D72EAB92EA00073113 /* Profile.swift */ = {isa = PBXFileReference; lastKnownFileType = sourcecode.swift; path = Profile.swift; sourceTree = "<group>"; };
		08E0F9D82EAB92EA00073113 /* PromptSparkError.swift */ = {isa = PBXFileReference; lastKnownFileType = sourcecode.swift; path = PromptSparkError.swift; sourceTree = "<group>"; };
		08E0F9DA2EAB92EA00073113 /* README.md */ = {isa = PBXFileReference; lastKnownFileType = net.daringfireball.markdown; path = README.md; sourceTree = "<group>"; };
		08E0F9DB2EAB92EA00073113 /* RELEASE.md */ = {isa = PBXFileReference; lastKnownFileType = net.daringfireball.markdown; path = RELEASE.md; sourceTree = "<group>"; };
		08E0F9DC2EAB92EA00073113 /* Assets.xcassets */ = {isa = PBXFileReference; lastKnownFileType = folder.assetcatalog; path = Assets.xcassets; sourceTree = "<group>"; };
		08E0F9DD2EAB92EA00073113 /* DefaultMetaPrompt.txt */ = {isa = PBXFileReference; lastKnownFileType = text; path = DefaultMetaPrompt.txt; sourceTree = "<group>"; };
		08E0F9DE2EAB92EA00073113 /* DefaultSummaryPrompt.txt */ = {isa = PBXFileReference; lastKnownFileType = text; path = DefaultSummaryPrompt.txt; sourceTree = "<group>"; };
		08E0F9DF2EAB92EA00073113 /* Info.plist */ = {isa = PBXFileReference; lastKnownFileType = text.plist.xml; path = Info.plist; sourceTree = "<group>"; };
		08E0F9E12EAB92EA00073113 /* build.sh */ = {isa = PBXFileReference; lastKnownFileType = text.script.sh; path = build.sh; sourceTree = "<group>"; };
		08E0F9E22EAB92EA00073113 /* create-dmg.sh */ = {isa = PBXFileReference; lastKnownFileType = text.script.sh; path = "create-dmg.sh"; sourceTree = "<group>"; };
		08E0F9E32EAB92EA00073113 /* generate-app-icon.sh */ = {isa = PBXFileReference; lastKnownFileType = text.script.sh; path = "generate-app-icon.sh"; sourceTree = "<group>"; };
		08E0F9E42EAB92EA00073113 /* post-install-fix.sh */ = {isa = PBXFileReference; lastKnownFileType = text.script.sh; path = "post-install-fix.sh"; sourceTree = "<group>"; };
		08E0F9E62EAB92EA00073113 /* ConfigService.swift */ = {isa = PBXFileReference; lastKnownFileType = sourcecode.swift; path = ConfigService.swift; sourceTree = "<group>"; };
		08E0F9E72EAB92EA00073113 /* KeychainService.swift */ = {isa = PBXFileReference; lastKnownFileType = sourcecode.swift; path = KeychainService.swift; sourceTree = "<group>"; };
		08E0F9E82EAB92EA00073113 /* NotificationService.swift */ = {isa = PBXFileReference; lastKnownFileType = sourcecode.swift; path = NotificationService.swift; sourceTree = "<group>"; };
		08E0F9E92EAB92EA00073113 /* PasteboardService.swift */ = {isa = PBXFileReference; lastKnownFileType = sourcecode.swift; path = PasteboardService.swift; sourceTree = "<group>"; };
		08E0F9EB2EAB92EA00073113 /* tech-architecture.md */ = {isa = PBXFileReference; lastKnownFileType = net.daringfireball.markdown; path = "tech-architecture.md"; sourceTree = "<group>"; };
		08E0F9EC2EAB92EA00073113 /* String+Extensions.swift */ = {isa = PBXFileReference; lastKnownFileType = sourcecode.swift; path = "String+Extensions.swift"; sourceTree = "<group>"; };
		08E0F9ED2EAB92EA00073113 /* UserDefaults+Extensions.swift */ = {isa = PBXFileReference; lastKnownFileType = sourcecode.swift; path = "UserDefaults+Extensions.swift"; sourceTree = "<group>"; };
		08E0F9EF2EAB92EA00073113 /* Constants.swift */ = {isa = PBXFileReference; lastKnownFileType = sourcecode.swift; path = Constants.swift; sourceTree = "<group>"; };
		08E0F9F02EAB92EA00073113 /* Logger.swift */ = {isa = PBXFileReference; lastKnownFileType = sourcecode.swift; path = Logger.swift; sourceTree = "<group>"; };
		08E0F9F22EAB92EA00073113 /* MenuBarController.swift */ = {isa = PBXFileReference; lastKnownFileType = sourcecode.swift; path = MenuBarController.swift; sourceTree = "<group>"; };
		08E0F9F42EAB92EA00073113 /* APISettingsView.swift */ = {isa = PBXFileReference; lastKnownFileType = sourcecode.swift; path = APISettingsView.swift; sourceTree = "<group>"; };
		08E0F9F52EAB92EA00073113 /* GeneralSettingsView.swift */ = {isa = PBXFileReference; lastKnownFileType = sourcecode.swift; path = GeneralSettingsView.swift; sourceTree = "<group>"; };
		08E0F9F62EAB92EA00073113 /* ProfileManagerView.swift */ = {isa = PBXFileReference; lastKnownFileType = sourcecode.swift; path = ProfileManagerView.swift; sourceTree = "<group>"; };
		08E0F9F72EAB92EA00073113 /* SettingsView.swift */ = {isa = PBXFileReference; lastKnownFileType = sourcecode.swift; path = SettingsView.swift; sourceTree = "<group>"; };
		08E0F9F92EAB92EA00073113 /* ResultWindow.swift */ = {isa = PBXFileReference; lastKnownFileType = sourcecode.swift; path = ResultWindow.swift; sourceTree = "<group>"; };
		08E0F9FA2EAB92EA00073113 /* StatusWindow.swift */ = {isa = PBXFileReference; lastKnownFileType = sourcecode.swift; path = StatusWindow.swift; sourceTree = "<group>"; };
		08E0F9FC2EAB92EA00073113 /* white-paper.md */ = {isa = PBXFileReference; lastKnownFileType = net.daringfireball.markdown; path = "white-paper.md"; sourceTree = "<group>"; };
		08E0F9FD2EAB92EA00073113 /* XCODE_MIGRATION_GUIDE.md */ = {isa = PBXFileReference; lastKnownFileType = net.daringfireball.markdown; path = XCODE_MIGRATION_GUIDE.md; sourceTree = "<group>"; };
/* End PBXFileReference section */

/* Begin PBXFrameworksBuildPhase section */
		08E0F9BA2EAB928500073113 /* Frameworks */ = {
			isa = PBXFrameworksBuildPhase;
			buildActionMask = 2147483647;
			files = (
				08C385732EC1E74000DBA78F /* KeyboardShortcuts in Frameworks */,
			);
			runOnlyForDeploymentPostprocessing = 0;
		};
/* End PBXFrameworksBuildPhase section */

/* Begin PBXGroup section */
		08E0F9B42EAB928500073113 = {
			isa = PBXGroup;
			children = (
				08E0F9BE2EAB928500073113 /* Products */,
				08E0F9CD2EAB92EA00073113 /* App */,
				08E0F9CE2EAB92EA00073113 /* CLAUDE.md */,
				08E0F9D32EAB92EA00073113 /* Core */,
				08E0F9D42EAB92EA00073113 /* DEVELOPMENT.md */,
				08E0F9D92EAB92EA00073113 /* Models */,
				08E0F9DA2EAB92EA00073113 /* README.md */,
				08E0F9DB2EAB92EA00073113 /* RELEASE.md */,
				08E0F9E02EAB92EA00073113 /* Resources */,
				08E0F9E52EAB92EA00073113 /* Scripts */,
				08E0F9EA2EAB92EA00073113 /* Services */,
				08E0F9EB2EAB92EA00073113 /* tech-architecture.md */,
				08E0F9F12EAB92EA00073113 /* Utils */,
				08E0F9FB2EAB92EA00073113 /* Views */,
				08E0F9FC2EAB92EA00073113 /* white-paper.md */,
				08E0F9FD2EAB92EA00073113 /* XCODE_MIGRATION_GUIDE.md */,
			);
			sourceTree = "<group>";
		};
		08E0F9BE2EAB928500073113 /* Products */ = {
			isa = PBXGroup;
			children = (
				08E0F9BD2EAB928500073113 /* prompt-spark.app */,
			);
			name = Products;
			sourceTree = "<group>";
		};
		08E0F9CD2EAB92EA00073113 /* App */ = {
			isa = PBXGroup;
			children = (
				08E0F9CB2EAB92EA00073113 /* AppDelegate.swift */,
				08E0F9CC2EAB92EA00073113 /* PromptSparkApp.swift */,
			);
			path = App;
			sourceTree = "<group>";
		};
		08E0F9D32EAB92EA00073113 /* Core */ = {
			isa = PBXGroup;
			children = (
				08E0F9CF2EAB92EA00073113 /* APIClient.swift */,
				08E0F9D02EAB92EA00073113 /* HotkeyManager.swift */,
				08E0F9D12EAB92EA00073113 /* PromptEngine.swift */,
				08E0F9D22EAB92EA00073113 /* TextCaptureService.swift */,
			);
			path = Core;
			sourceTree = "<group>";
		};
		08E0F9D92EAB92EA00073113 /* Models */ = {
			isa = PBXGroup;
			children = (
				08E0F9D52EAB92EA00073113 /* APIConfig.swift */,
				08E0F9D62EAB92EA00073113 /* AppState.swift */,
				08E0F9D72EAB92EA00073113 /* Profile.swift */,
				08E0F9D82EAB92EA00073113 /* PromptSparkError.swift */,
			);
			path = Models;
			sourceTree = "<group>";
		};
		08E0F9E02EAB92EA00073113 /* Resources */ = {
			isa = PBXGroup;
			children = (
				08E0F9DC2EAB92EA00073113 /* Assets.xcassets */,
				08E0F9DD2EAB92EA00073113 /* DefaultMetaPrompt.txt */,
				08E0F9DE2EAB92EA00073113 /* DefaultSummaryPrompt.txt */,
				08E0F9DF2EAB92EA00073113 /* Info.plist */,
			);
			path = Resources;
			sourceTree = "<group>";
		};
		08E0F9E52EAB92EA00073113 /* Scripts */ = {
			isa = PBXGroup;
			children = (
				08E0F9E12EAB92EA00073113 /* build.sh */,
				08E0F9E22EAB92EA00073113 /* create-dmg.sh */,
				08E0F9E32EAB92EA00073113 /* generate-app-icon.sh */,
				08E0F9E42EAB92EA00073113 /* post-install-fix.sh */,
			);
			path = Scripts;
			sourceTree = "<group>";
		};
		08E0F9EA2EAB92EA00073113 /* Services */ = {
			isa = PBXGroup;
			children = (
				08E0F9E62EAB92EA00073113 /* ConfigService.swift */,
				08E0F9E72EAB92EA00073113 /* KeychainService.swift */,
				08E0F9E82EAB92EA00073113 /* NotificationService.swift */,
				08E0F9E92EAB92EA00073113 /* PasteboardService.swift */,
			);
			path = Services;
			sourceTree = "<group>";
		};
		08E0F9EE2EAB92EA00073113 /* Extensions */ = {
			isa = PBXGroup;
			children = (
				08E0F9EC2EAB92EA00073113 /* String+Extensions.swift */,
				08E0F9ED2EAB92EA00073113 /* UserDefaults+Extensions.swift */,
			);
			path = Extensions;
			sourceTree = "<group>";
		};
		08E0F9F12EAB92EA00073113 /* Utils */ = {
			isa = PBXGroup;
			children = (
				08E0F9EE2EAB92EA00073113 /* Extensions */,
				08E0F9EF2EAB92EA00073113 /* Constants.swift */,
				08E0F9F02EAB92EA00073113 /* Logger.swift */,
			);
			path = Utils;
			sourceTree = "<group>";
		};
		08E0F9F32EAB92EA00073113 /* MenuBar */ = {
			isa = PBXGroup;
			children = (
				08E0F9F22EAB92EA00073113 /* MenuBarController.swift */,
			);
			path = MenuBar;
			sourceTree = "<group>";
		};
		08E0F9F82EAB92EA00073113 /* Settings */ = {
			isa = PBXGroup;
			children = (
				08E0F9F42EAB92EA00073113 /* APISettingsView.swift */,
				08E0F9F52EAB92EA00073113 /* GeneralSettingsView.swift */,
				08E0F9F62EAB92EA00073113 /* ProfileManagerView.swift */,
				08E0F9F72EAB92EA00073113 /* SettingsView.swift */,
			);
			path = Settings;
			sourceTree = "<group>";
		};
		08E0F9FB2EAB92EA00073113 /* Views */ = {
			isa = PBXGroup;
			children = (
				08E0F9F32EAB92EA00073113 /* MenuBar */,
				08E0F9F82EAB92EA00073113 /* Settings */,
				08E0F9F92EAB92EA00073113 /* ResultWindow.swift */,
				08E0F9FA2EAB92EA00073113 /* StatusWindow.swift */,
			);
			path = Views;
			sourceTree = "<group>";
		};
/* End PBXGroup section */

/* Begin PBXNativeTarget section */
		08E0F9BC2EAB928500073113 /* prompt-spark */ = {
			isa = PBXNativeTarget;
			buildConfigurationList = 08E0F9C82EAB928600073113 /* Build configuration list for PBXNativeTarget "prompt-spark" */;
			buildPhases = (
				08E0F9B92EAB928500073113 /* Sources */,
				08E0F9BA2EAB928500073113 /* Frameworks */,
				08E0F9BB2EAB928500073113 /* Resources */,
			);
			buildRules = (
			);
			dependencies = (
			);
			name = "prompt-spark";
			packageProductDependencies = (
				08C385722EC1E74000DBA78F /* KeyboardShortcuts */,
			);
			productName = "prompt-spark";
			productReference = 08E0F9BD2EAB928500073113 /* prompt-spark.app */;
			productType = "com.apple.product-type.application";
		};
/* End PBXNativeTarget section */

/* Begin PBXProject section */
		08E0F9B52EAB928500073113 /* Project object */ = {
			isa = PBXProject;
			attributes = {
				BuildIndependentTargetsInParallel = 1;
				LastSwiftUpdateCheck = 2600;
				LastUpgradeCheck = 2600;
				TargetAttributes = {
					08E0F9BC2EAB928500073113 = {
						CreatedOnToolsVersion = 26.0.1;
					};
				};
			};
			buildConfigurationList = 08E0F9B82EAB928500073113 /* Build configuration list for PBXProject "prompt-spark" */;
			developmentRegion = en;
			hasScannedForEncodings = 0;
			knownRegions = (
				en,
				Base,
			);
			mainGroup = 08E0F9B42EAB928500073113;
			minimizedProjectReferenceProxies = 1;
			packageReferences = (
				08C385712EC1E74000DBA78F /* XCRemoteSwiftPackageReference "KeyboardShortcuts" */,
			);
			preferredProjectObjectVersion = 77;
			productRefGroup = 08E0F9BE2EAB928500073113 /* Products */;
			projectDirPath = "";
			projectRoot = "";
			targets = (
				08E0F9BC2EAB928500073113 /* prompt-spark */,
			);
		};
/* End PBXProject section */

/* Begin PBXResourcesBuildPhase section */
		08E0F9BB2EAB928500073113 /* Resources */ = {
			isa = PBXResourcesBuildPhase;
			buildActionMask = 2147483647;
			files = (
				08C3856E2EC1E4EA00DBA78F /* Assets.xcassets in Resources */,
				08C3856F2EC1E4EA00DBA78F /* DefaultMetaPrompt.txt in Resources */,
				08C385702EC1E4EA00DBA78F /* DefaultSummaryPrompt.txt in Resources */,
			);
			runOnlyForDeploymentPostprocessing = 0;
		};
/* End PBXResourcesBuildPhase section */

/* Begin PBXSourcesBuildPhase section */
		08E0F9B92EAB928500073113 /* Sources */ = {
			isa = PBXSourcesBuildPhase;
			buildActionMask = 2147483647;
			files = (
				08C385552EC1E4B500DBA78F /* AppDelegate.swift in Sources */,
				08C385562EC1E4B500DBA78F /* PromptSparkApp.swift in Sources */,
				08C385572EC1E4B500DBA78F /* APIClient.swift in Sources */,
				08C385582EC1E4B500DBA78F /* HotkeyManager.swift in Sources */,
				08C385592EC1E4B500DBA78F /* PromptEngine.swift in Sources */,
				08C3855A2EC1E4B500DBA78F /* TextCaptureService.swift in Sources */,
				08C3855B2EC1E4B500DBA78F /* APIConfig.swift in Sources */,
				08C3855C2EC1E4B500DBA78F /* AppState.swift in Sources */,
				08C3855D2EC1E4B500DBA78F /* Profile.swift in Sources */,
				08C3855E2EC1E4B500DBA78F /* PromptSparkError.swift in Sources */,
				08C3855F2EC1E4B500DBA78F /* ConfigService.swift in Sources */,
				08C385602EC1E4B500DBA78F /* KeychainService.swift in Sources */,
				08C385612EC1E4B500DBA78F /* NotificationService.swift in Sources */,
				08C385622EC1E4B500DBA78F /* PasteboardService.swift in Sources */,
				08C385632EC1E4B500DBA78F /* String+Extensions.swift in Sources */,
				08C385642EC1E4B500DBA78F /* UserDefaults+Extensions.swift in Sources */,
				08C385652EC1E4B500DBA78F /* Constants.swift in Sources */,
				08C385662EC1E4B500DBA78F /* Logger.swift in Sources */,
				08C385672EC1E4B500DBA78F /* MenuBarController.swift in Sources */,
				08C385682EC1E4B500DBA78F /* APISettingsView.swift in Sources */,
				08C385692EC1E4B500DBA78F /* GeneralSettingsView.swift in Sources */,
				08C3856A2EC1E4B500DBA78F /* ProfileManagerView.swift in Sources */,
				08C3856B2EC1E4B500DBA78F /* SettingsView.swift in Sources */,
				08C3856C2EC1E4B500DBA78F /* ResultWindow.swift in Sources */,
				08C3856D2EC1E4B500DBA78F /* StatusWindow.swift in Sources */,
			);
			runOnlyForDeploymentPostprocessing = 0;
		};
/* End PBXSourcesBuildPhase section */

/* Begin XCBuildConfiguration section */
		08E0F9C62EAB928600073113 /* Debug */ = {
			isa = XCBuildConfiguration;
			buildSettings = {
				ALWAYS_SEARCH_USER_PATHS = NO;
				ASSETCATALOG_COMPILER_GENERATE_SWIFT_ASSET_SYMBOL_EXTENSIONS = YES;
				CLANG_ANALYZER_NONNULL = YES;
				CLANG_ANALYZER_NUMBER_OBJECT_CONVERSION = YES_AGGRESSIVE;
				CLANG_CXX_LANGUAGE_STANDARD = "gnu++20";
				CLANG_ENABLE_MODULES = YES;
				CLANG_ENABLE_OBJC_ARC = YES;
				CLANG_ENABLE_OBJC_WEAK = YES;
				CLANG_WARN_BLOCK_CAPTURE_AUTORELEASING = YES;
				CLANG_WARN_BOOL_CONVERSION = YES;
				CLANG_WARN_COMMA = YES;
				CLANG_WARN_CONSTANT_CONVERSION = YES;
				CLANG_WARN_DEPRECATED_OBJC_IMPLEMENTATIONS = YES;
				CLANG_WARN_DIRECT_OBJC_ISA_USAGE = YES_ERROR;
				CLANG_WARN_DOCUMENTATION_COMMENTS = YES;
				CLANG_WARN_EMPTY_BODY = YES;
				CLANG_WARN_ENUM_CONVERSION = YES;
				CLANG_WARN_INFINITE_RECURSION = YES;
				CLANG_WARN_INT_CONVERSION = YES;
				CLANG_WARN_NON_LITERAL_NULL_CONVERSION = YES;
				CLANG_WARN_OBJC_IMPLICIT_RETAIN_SELF = YES;
				CLANG_WARN_OBJC_LITERAL_CONVERSION = YES;
				CLANG_WARN_OBJC_ROOT_CLASS = YES_ERROR;
				CLANG_WARN_QUOTED_INCLUDE_IN_FRAMEWORK_HEADER = YES;
				CLANG_WARN_RANGE_LOOP_ANALYSIS = YES;
				CLANG_WARN_STRICT_PROTOTYPES = YES;
				CLANG_WARN_SUSPICIOUS_MOVE = YES;
				CLANG_WARN_UNGUARDED_AVAILABILITY = YES_AGGRESSIVE;
				CLANG_WARN_UNREACHABLE_CODE = YES;
				CLANG_WARN__DUPLICATE_METHOD_MATCH = YES;
				COPY_PHASE_STRIP = NO;
				DEBUG_INFORMATION_FORMAT = dwarf;
				DEVELOPMENT_TEAM = Q5UXUG9H85;
				ENABLE_STRICT_OBJC_MSGSEND = YES;
				ENABLE_TESTABILITY = YES;
				ENABLE_USER_SCRIPT_SANDBOXING = YES;
				GCC_C_LANGUAGE_STANDARD = gnu17;
				GCC_DYNAMIC_NO_PIC = NO;
				GCC_NO_COMMON_BLOCKS = YES;
				GCC_OPTIMIZATION_LEVEL = 0;
				GCC_PREPROCESSOR_DEFINITIONS = (
					"DEBUG=1",
					"$(inherited)",
				);
				GCC_WARN_64_TO_32_BIT_CONVERSION = YES;
				GCC_WARN_ABOUT_RETURN_TYPE = YES_ERROR;
				GCC_WARN_UNDECLARED_SELECTOR = YES;
				GCC_WARN_UNINITIALIZED_AUTOS = YES_AGGRESSIVE;
				GCC_WARN_UNUSED_FUNCTION = YES;
				GCC_WARN_UNUSED_VARIABLE = YES;
				LOCALIZATION_PREFERS_STRING_CATALOGS = YES;
				MACOSX_DEPLOYMENT_TARGET = 26.0;
				MTL_ENABLE_DEBUG_INFO = INCLUDE_SOURCE;
				MTL_FAST_MATH = YES;
				ONLY_ACTIVE_ARCH = YES;
				SDKROOT = macosx;
				SWIFT_ACTIVE_COMPILATION_CONDITIONS = "DEBUG $(inherited)";
				SWIFT_OPTIMIZATION_LEVEL = "-Onone";
			};
			name = Debug;
		};
		08E0F9C72EAB928600073113 /* Release */ = {
			isa = XCBuildConfiguration;
			buildSettings = {
				ALWAYS_SEARCH_USER_PATHS = NO;
				ASSETCATALOG_COMPILER_GENERATE_SWIFT_ASSET_SYMBOL_EXTENSIONS = YES;
				CLANG_ANALYZER_NONNULL = YES;
				CLANG_ANALYZER_NUMBER_OBJECT_CONVERSION = YES_AGGRESSIVE;
				CLANG_CXX_LANGUAGE_STANDARD = "gnu++20";
				CLANG_ENABLE_MODULES = YES;
				CLANG_ENABLE_OBJC_ARC = YES;
				CLANG_ENABLE_OBJC_WEAK = YES;
				CLANG_WARN_BLOCK_CAPTURE_AUTORELEASING = YES;
				CLANG_WARN_BOOL_CONVERSION = YES;
				CLANG_WARN_COMMA = YES;
				CLANG_WARN_CONSTANT_CONVERSION = YES;
				CLANG_WARN_DEPRECATED_OBJC_IMPLEMENTATIONS = YES;
				CLANG_WARN_DIRECT_OBJC_ISA_USAGE = YES_ERROR;
				CLANG_WARN_DOCUMENTATION_COMMENTS = YES;
				CLANG_WARN_EMPTY_BODY = YES;
				CLANG_WARN_ENUM_CONVERSION = YES;
				CLANG_WARN_INFINITE_RECURSION = YES;
				CLANG_WARN_INT_CONVERSION = YES;
				CLANG_WARN_NON_LITERAL_NULL_CONVERSION = YES;
				CLANG_WARN_OBJC_IMPLICIT_RETAIN_SELF = YES;
				CLANG_WARN_OBJC_LITERAL_CONVERSION = YES;
				CLANG_WARN_OBJC_ROOT_CLASS = YES_ERROR;
				CLANG_WARN_QUOTED_INCLUDE_IN_FRAMEWORK_HEADER = YES;
				CLANG_WARN_RANGE_LOOP_ANALYSIS = YES;
				CLANG_WARN_STRICT_PROTOTYPES = YES;
				CLANG_WARN_SUSPICIOUS_MOVE = YES;
				CLANG_WARN_UNGUARDED_AVAILABILITY = YES_AGGRESSIVE;
				CLANG_WARN_UNREACHABLE_CODE = YES;
				CLANG_WARN__DUPLICATE_METHOD_MATCH = YES;
				COPY_PHASE_STRIP = NO;
				DEBUG_INFORMATION_FORMAT = "dwarf-with-dsym";
				DEVELOPMENT_TEAM = Q5UXUG9H85;
				ENABLE_NS_ASSERTIONS = NO;
				ENABLE_STRICT_OBJC_MSGSEND = YES;
				ENABLE_USER_SCRIPT_SANDBOXING = YES;
				GCC_C_LANGUAGE_STANDARD = gnu17;
				GCC_NO_COMMON_BLOCKS = YES;
				GCC_WARN_64_TO_32_BIT_CONVERSION = YES;
				GCC_WARN_ABOUT_RETURN_TYPE = YES_ERROR;
				GCC_WARN_UNDECLARED_SELECTOR = YES;
				GCC_WARN_UNINITIALIZED_AUTOS = YES_AGGRESSIVE;
				GCC_WARN_UNUSED_FUNCTION = YES;
				GCC_WARN_UNUSED_VARIABLE = YES;
				LOCALIZATION_PREFERS_STRING_CATALOGS = YES;
				MACOSX_DEPLOYMENT_TARGET = 26.0;
				MTL_ENABLE_DEBUG_INFO = NO;
				MTL_FAST_MATH = YES;
				SDKROOT = macosx;
				SWIFT_COMPILATION_MODE = wholemodule;
			};
			name = Release;
		};
		08E0F9C92EAB928600073113 /* Debug */ = {
			isa = XCBuildConfiguration;
			buildSettings = {
				ASSETCATALOG_COMPILER_APPICON_NAME = AppIcon;
				ASSETCATALOG_COMPILER_GLOBAL_ACCENT_COLOR_NAME = AccentColor;
				CODE_SIGN_STYLE = Automatic;
				COMBINE_HIDPI_IMAGES = YES;
				CURRENT_PROJECT_VERSION = 1;
				DEVELOPMENT_TEAM = Q5UXUG9H85;
				ENABLE_APP_SANDBOX = YES;
				ENABLE_HARDENED_RUNTIME = YES;
				ENABLE_PREVIEWS = YES;
				ENABLE_USER_SELECTED_FILES = readonly;
				GENERATE_INFOPLIST_FILE = YES;
				INFOPLIST_KEY_CFBundleDisplayName = PromptSpark;
				INFOPLIST_KEY_LSApplicationCategoryType = "public.app-category.productivity";
				INFOPLIST_KEY_LSUIElement = YES;
				INFOPLIST_KEY_NSHumanReadableCopyright = "Copyright © 2025 mlhiter. All rights reserved.";
				LD_RUNPATH_SEARCH_PATHS = (
					"$(inherited)",
					"@executable_path/../Frameworks",
				);
				MACOSX_DEPLOYMENT_TARGET = 13.5;
				MARKETING_VERSION = 1.0;
				PRODUCT_BUNDLE_IDENTIFIER = "com.mlhiter.prompt-spark";
				PRODUCT_NAME = "$(TARGET_NAME)";
				REGISTER_APP_GROUPS = YES;
				STRING_CATALOG_GENERATE_SYMBOLS = YES;
				SWIFT_APPROACHABLE_CONCURRENCY = YES;
				SWIFT_DEFAULT_ACTOR_ISOLATION = MainActor;
				SWIFT_EMIT_LOC_STRINGS = YES;
				SWIFT_UPCOMING_FEATURE_MEMBER_IMPORT_VISIBILITY = YES;
				SWIFT_VERSION = 5.0;
			};
			name = Debug;
		};
		08E0F9CA2EAB928600073113 /* Release */ = {
			isa = XCBuildConfiguration;
			buildSettings = {
				ASSETCATALOG_COMPILER_APPICON_NAME = AppIcon;
				ASSETCATALOG_COMPILER_GLOBAL_ACCENT_COLOR_NAME = AccentColor;
				CODE_SIGN_STYLE = Automatic;
				COMBINE_HIDPI_IMAGES = YES;
				CURRENT_PROJECT_VERSION = 1;
				DEVELOPMENT_TEAM = Q5UXUG9H85;
				ENABLE_APP_SANDBOX = YES;
				ENABLE_HARDENED_RUNTIME = YES;
				ENABLE_PREVIEWS = YES;
				ENABLE_USER_SELECTED_FILES = readonly;
				GENERATE_INFOPLIST_FILE = YES;
				INFOPLIST_KEY_CFBundleDisplayName = PromptSpark;
				INFOPLIST_KEY_LSApplicationCategoryType = "public.app-category.productivity";
				INFOPLIST_KEY_LSUIElement = YES;
				INFOPLIST_KEY_NSHumanReadableCopyright = "Copyright © 2025 mlhiter. All rights reserved.";
				LD_RUNPATH_SEARCH_PATHS = (
					"$(inherited)",
					"@executable_path/../Frameworks",
				);
				MACOSX_DEPLOYMENT_TARGET = 13.5;
				MARKETING_VERSION = 1.0;
				PRODUCT_BUNDLE_IDENTIFIER = "com.mlhiter.prompt-spark";
				PRODUCT_NAME = "$(TARGET_NAME)";
				REGISTER_APP_GROUPS = YES;
				STRING_CATALOG_GENERATE_SYMBOLS = YES;
				SWIFT_APPROACHABLE_CONCURRENCY = YES;
				SWIFT_DEFAULT_ACTOR_ISOLATION = MainActor;
				SWIFT_EMIT_LOC_STRINGS = YES;
				SWIFT_UPCOMING_FEATURE_MEMBER_IMPORT_VISIBILITY = YES;
				SWIFT_VERSION = 5.0;
			};
			name = Release;
		};
/* End XCBuildConfiguration section */

/* Begin XCConfigurationList section */
		08E0F9B82EAB928500073113 /* Build configuration list for PBXProject "prompt-spark" */ = {
			isa = XCConfigurationList;
			buildConfigurations = (
				08E0F9C62EAB928600073113 /* Debug */,
				08E0F9C72EAB928600073113 /* Release */,
			);
			defaultConfigurationIsVisible = 0;
			defaultConfigurationName = Release;
		};
		08E0F9C82EAB928600073113 /* Build configuration list for PBXNativeTarget "prompt-spark" */ = {
			isa = XCConfigurationList;
			buildConfigurations = (
				08E0F9C92EAB928600073113 /* Debug */,
				08E0F9CA2EAB928600073113 /* Release */,
			);
			defaultConfigurationIsVisible = 0;
			defaultConfigurationName = Release;
		};
/* End XCConfigurationList section */

/* Begin XCRemoteSwiftPackageReference section */
		08C385712EC1E74000DBA78F /* XCRemoteSwiftPackageReference "KeyboardShortcuts" */ = {
			isa = XCRemoteSwiftPackageReference;
			repositoryURL = "https://github.com/sindresorhus/KeyboardShortcuts";
			requirement = {
				kind = upToNextMajorVersion;
				minimumVersion = 2.0.0;
			};
		};
/* End XCRemoteSwiftPackageReference section */

/* Begin XCSwiftPackageProductDependency section */
		08C385722EC1E74000DBA78F /* KeyboardShortcuts */ = {
			isa = XCSwiftPackageProductDependency;
			package = 08C385712EC1E74000DBA78F /* XCRemoteSwiftPackageReference "KeyboardShortcuts" */;
			productName = KeyboardShortcuts;
		};
/* End XCSwiftPackageProductDependency section */
	};
	rootObject = 08E0F9B52EAB928500073113 /* Project object */;
}
